<?xml version="1.0" encoding="UTF-8"?>
<Scheme
   version = "1.3">
   <BuildAction>
      <BuildActionEntries>
         <BuildActionEntry
            buildForRunning = "YES">
            <BuildableReference
               BuildableIdentifier = "primary"
               BlueprintIdentifier = "D75798CA2759EBC60074A9D4"
               BuildableName = "Bitakhon iOS.app"
               BlueprintName = "Bitakhon iOS"
               ReferencedContainer = "container:Bitakhon iOS.xcodeproj">
            </BuildableReference>
         </BuildActionEntry>
      </BuildActionEntries>
   </BuildAction>
   <LaunchAction
      useCustomWorkingDirectory = "NO"
      buildConfiguration = "Debug"
      allowLocationSimulation = "YES">
      <BuildableProductRunnable>
         <BuildableReference
            BuildableIdentifier = "primary"
            BlueprintIdentifier = "D75798CA2759EBC60074A9D4"
            BuildableName = "Bitakhon iOS.app"
            BlueprintName = "Bitakhon iOS"
            ReferencedContainer = "container:Bitakhon iOS.xcodeproj">
         </BuildableReference>
      </BuildableProductRunnable>
   </LaunchAction>
</Scheme>
